
Microsoft Visual Studio Solution File, Format Version 12.00
# Visual Studio 15
VisualStudioVersion = 15.0.26430.16
MinimumVisualStudioVersion = 10.0.40219.1
Project("{FAE04EC0-301F-11D3-BF4B-00C04F79EFBC}") = "Tongfang.AuthMessage.Service", "src\Tongfang.AuthMessage.Service\Tongfang.AuthMessage.Service.csproj", "{D3DAB39F-A53E-49D0-AAAD-9F28271DF9C2}"
EndProject
Project("{FAE04EC0-301F-11D3-BF4B-00C04F79EFBC}") = "Tongfang.Simulator.Host", "src\Tongfang.Simulator.Host\Tongfang.Simulator.Host.csproj", "{C2E845DE-F80B-4763-858A-A4B675174E14}"
EndProject
Project("{FAE04EC0-301F-11D3-BF4B-00C04F79EFBC}") = "Tongfang.Winform.Helpers", "src\Tongfang.Winform.Helpers\Tongfang.Winform.Helpers.csproj", "{06A60F2E-CAA8-4D76-AE3D-49455766711B}"
EndProject
Global
	GlobalSection(SolutionConfigurationPlatforms) = preSolution
		Debug|Any CPU = Debug|Any CPU
		Release|Any CPU = Release|Any CPU
	EndGlobalSection
	GlobalSection(ProjectConfigurationPlatforms) = postSolution
		{D3DAB39F-A53E-49D0-AAAD-9F28271DF9C2}.Debug|Any CPU.ActiveCfg = Debug|Any CPU
		{D3DAB39F-A53E-49D0-AAAD-9F28271DF9C2}.Debug|Any CPU.Build.0 = Debug|Any CPU
		{D3DAB39F-A53E-49D0-AAAD-9F28271DF9C2}.Release|Any CPU.ActiveCfg = Release|Any CPU
		{D3DAB39F-A53E-49D0-AAAD-9F28271DF9C2}.Release|Any CPU.Build.0 = Release|Any CPU
		{C2E845DE-F80B-4763-858A-A4B675174E14}.Debug|Any CPU.ActiveCfg = Debug|Any CPU
		{C2E845DE-F80B-4763-858A-A4B675174E14}.Debug|Any CPU.Build.0 = Debug|Any CPU
		{C2E845DE-F80B-4763-858A-A4B675174E14}.Release|Any CPU.ActiveCfg = Release|Any CPU
		{C2E845DE-F80B-4763-858A-A4B675174E14}.Release|Any CPU.Build.0 = Release|Any CPU
		{06A60F2E-CAA8-4D76-AE3D-49455766711B}.Debug|Any CPU.ActiveCfg = Debug|Any CPU
		{06A60F2E-CAA8-4D76-AE3D-49455766711B}.Debug|Any CPU.Build.0 = Debug|Any CPU
		{06A60F2E-CAA8-4D76-AE3D-49455766711B}.Release|Any CPU.ActiveCfg = Release|Any CPU
		{06A60F2E-CAA8-4D76-AE3D-49455766711B}.Release|Any CPU.Build.0 = Release|Any CPU
	EndGlobalSection
	GlobalSection(SolutionProperties) = preSolution
		HideSolutionNode = FALSE
	EndGlobalSection
EndGlobal
